
Microsoft Visual Studio Solution File, Format Version 12.00
# Visual Studio Version 16
VisualStudioVersion = 16.0.32802.440
MinimumVisualStudioVersion = 10.0.40219.1
Project("{8BC9CEB8-8B4A-11D0-8D11-00A0C91BC942}") = "MathLibrary", "MathLibrary\MathLibrary.vcxproj", "{76EB140A-2D14-48F4-BD2F-9621EE30DF64}"
EndProject
Project("{8BC9CEB8-8B4A-11D0-8D11-00A0C91BC942}") = "MathClient", "MathClient\MathClient.vcxproj", "{A6F75ED1-1D6D-4207-A5FE-900193EF88A9}"
EndProject
Global
	GlobalSection(SolutionConfigurationPlatforms) = preSolution
		Debug|x64 = Debug|x64
		Debug|x86 = Debug|x86
		Release|x64 = Release|x64
		Release|x86 = Release|x86
	EndGlobalSection
	GlobalSection(ProjectConfigurationPlatforms) = postSolution
		{76EB140A-2D14-48F4-BD2F-9621EE30DF64}.Debug|x64.ActiveCfg = Debug|x64
		{76EB140A-2D14-48F4-BD2F-9621EE30DF64}.Debug|x64.Build.0 = Debug|x64
		{76EB140A-2D14-48F4-BD2F-9621EE30DF64}.Debug|x86.ActiveCfg = Debug|Win32
		{76EB140A-2D14-48F4-BD2F-9621EE30DF64}.Debug|x86.Build.0 = Debug|Win32
		{76EB140A-2D14-48F4-BD2F-9621EE30DF64}.Release|x64.ActiveCfg = Release|x64
		{76EB140A-2D14-48F4-BD2F-9621EE30DF64}.Release|x64.Build.0 = Release|x64
		{76EB140A-2D14-48F4-BD2F-9621EE30DF64}.Release|x86.ActiveCfg = Release|Win32
		{76EB140A-2D14-48F4-BD2F-9621EE30DF64}.Release|x86.Build.0 = Release|Win32
		{A6F75ED1-1D6D-4207-A5FE-900193EF88A9}.Debug|x64.ActiveCfg = Debug|x64
		{A6F75ED1-1D6D-4207-A5FE-900193EF88A9}.Debug|x64.Build.0 = Debug|x64
		{A6F75ED1-1D6D-4207-A5FE-900193EF88A9}.Debug|x86.ActiveCfg = Debug|Win32
		{A6F75ED1-1D6D-4207-A5FE-900193EF88A9}.Debug|x86.Build.0 = Debug|Win32
		{A6F75ED1-1D6D-4207-A5FE-900193EF88A9}.Release|x64.ActiveCfg = Release|x64
		{A6F75ED1-1D6D-4207-A5FE-900193EF88A9}.Release|x64.Build.0 = Release|x64
		{A6F75ED1-1D6D-4207-A5FE-900193EF88A9}.Release|x86.ActiveCfg = Release|Win32
		{A6F75ED1-1D6D-4207-A5FE-900193EF88A9}.Release|x86.Build.0 = Release|Win32
	EndGlobalSection
	GlobalSection(SolutionProperties) = preSolution
		HideSolutionNode = FALSE
	EndGlobalSection
	GlobalSection(ExtensibilityGlobals) = postSolution
		SolutionGuid = {0713A0A6-3741-407E-9CBE-05FCD8EA570C}
	EndGlobalSection
EndGlobal
